
Microsoft Visual Studio Solution File, Format Version 12.00
# Visual Studio Version 16
VisualStudioVersion = 16.0.29519.87
MinimumVisualStudioVersion = 10.0.40219.1
Project("{FAE04EC0-301F-11D3-BF4B-00C04F79EFBC}") = "CannibalGame", "CannibalGame.csproj", "{3682A8EF-4345-476C-B179-7C11A4C39B69}"
EndProject
Global
	GlobalSection(SolutionConfigurationPlatforms) = preSolution
		Debug|Any CPU = Debug|Any CPU
		Release|Any CPU = Release|Any CPU
	EndGlobalSection
	GlobalSection(ProjectConfigurationPlatforms) = postSolution
		{3682A8EF-4345-476C-B179-7C11A4C39B69}.Debug|Any CPU.ActiveCfg = Debug|Any CPU
		{3682A8EF-4345-476C-B179-7C11A4C39B69}.Debug|Any CPU.Build.0 = Debug|Any CPU
		{3682A8EF-4345-476C-B179-7C11A4C39B69}.Release|Any CPU.ActiveCfg = Release|Any CPU
		{3682A8EF-4345-476C-B179-7C11A4C39B69}.Release|Any CPU.Build.0 = Release|Any CPU
	EndGlobalSection
	GlobalSection(SolutionProperties) = preSolution
		HideSolutionNode = FALSE
	EndGlobalSection
	GlobalSection(ExtensibilityGlobals) = postSolution
		SolutionGuid = {8CE03A0C-64BC-4D93-861D-3A31E8A63B0D}
	EndGlobalSection
EndGlobal
